# This file is autogenerated, do not edit; changes may be undone by the next 'dep ensure'.


[[projects]]
  digest = "1:dadea00beecccdecdefc6c749ecd8ba1a24db5705af7a2f77502acee142b3df6"
  name = "github.com/StackExchange/wmi"
  packages = ["."]
  pruneopts = "UT"
  revision = "f3e2bae1e0cb5aef83e319133eabfee30013a4a5"

[[projects]]
  digest = "1:8080e1aba103c6ed33937dfdfbaebb3438721ee58a4bf8bb9d2a1ffa0f5d25f6"
  name = "github.com/codegangsta/cli"
  packages = ["."]
  pruneopts = "UT"
  revision = "f017f86fccc5a039a98f23311f34fdf78b014f78"

[[projects]]
  digest = "1:ffe9824d294da03b391f44e1ae8281281b4afc1bdaa9588c9097785e3af10cec"
  name = "github.com/davecgh/go-spew"
  packages = ["spew"]
  pruneopts = "UT"
  revision = "87df7c60d5820d0f8ae11afede5aa52325c09717"

[[projects]]
  digest = "1:1252ee6bbb9e7d446f732fed6418646f8b9a617ea2bcb9fdf70c83cb676e588a"
  name = "github.com/dgrijalva/jwt-go"
  packages = ["."]
  pruneopts = "UT"
  revision = "6c8dedd55f8a2e41f605de6d5d66e51ed1f299fc"

[[projects]]
  digest = "1:f7184bb17a1dcbe272dd052bbc3f15bd3edc19fea7b74cd45b12c5d61fce030d"
  name = "github.com/garyburd/redigo"
  packages = [
    "internal",
    "redis",
  ]
  pruneopts = "UT"
  revision = "a7327d8ced8067e916e7e35490522fd0182fa839"

[[projects]]
  digest = "1:171102527b3cab9c7926e696f6fd2259574302414152f338ec2856e3b04a7241"
  name = "github.com/go-ole/go-ole"
  packages = [
    ".",
    "oleutil",
  ]
  pruneopts = "UT"
  revision = "97ac8b05c02bbb755d36549e7e607433dfbef4b2"

[[projects]]
  branch = "master"
  digest = "1:750e747d0aad97b79f4a4e00034bae415c2ea793fd9e61438d966ee9c79579bf"
  name = "github.com/google/shlex"
  packages = ["."]
  pruneopts = "UT"
  revision = "6f45313302b9c56850fc17f99e40caebce98c716"

[[projects]]
  digest = "1:40f8f7feef2c912423c04ac506a9f558b9c36bc510f82f1d69a706ead9e41c8b"
  name = "github.com/libvirt/libvirt-go"
  packages = ["."]
  pruneopts = "UT"
  revision = "e64ca892afa892bbdbc72997c7851711600802ea"

[[projects]]
  digest = "1:1583473db99b1057f15e6acf80fee5848c055aad49614f56862690aadcb87694"
  name = "github.com/mattn/go-runewidth"
  packages = ["."]
  pruneopts = "UT"
  revision = "d6bea18f789704b5f83375793155289da36a3c7f"
  version = "v0.0.1"

[[projects]]
  digest = "1:b56c589214f01a5601e0821387db484617392d0042f26234bf2da853a2f498a1"
  name = "github.com/naoina/go-stringutil"
  packages = ["."]
  pruneopts = "UT"
  revision = "6b638e95a32d0c1131db0e7fe83775cbea4a0d0b"
  version = "v0.1.0"

[[projects]]
  branch = "master"
  digest = "1:2f8511e267e62d1f502de44e088445db962d490d118335e9edeb5e60b8894b85"
  name = "github.com/naoina/toml"
  packages = [
    ".",
    "ast",
  ]
  pruneopts = "UT"
  revision = "9fafd69674167c06933b1787ae235618431ce87f"

[[projects]]
  digest = "1:784cee8975fa810326e36b7e4dbf9ea934e05e787cce5e36f1521dbc08cad7b0"
  name = "github.com/olekukonko/tablewriter"
  packages = ["."]
  pruneopts = "UT"
  revision = "febf2d34b54a69ce7530036c7503b1c9fbfdf0bb"

[[projects]]
  branch = "master"
  digest = "1:41f3b549dbb8216e490c27926c09dc055aa509b3476e7cbc3317103990b13aeb"
  name = "github.com/op/go-logging"
  packages = ["."]
  pruneopts = "UT"
  revision = "970db520ece77730c7e4724c61121037378659d9"

[[projects]]
  digest = "1:808cdddf087fb64baeae67b8dfaee2069034d9704923a3cb8bd96a995421a625"
  name = "github.com/patrickmn/go-cache"
  packages = ["."]
  pruneopts = "UT"
  revision = "a3647f8e31d79543b2d0f0ae2fe5c379d72cedc0"
  version = "v2.1.0"

[[projects]]
  digest = "1:a6d425a7d56bba95917a8da9f00e3b287c4e009121b0c4c35c854185062460bb"
  name = "github.com/pborman/uuid"
  packages = ["."]
  pruneopts = "UT"
  revision = "dee7705ef7b324f27ceb85a121c61f2c2e8ce988"

[[projects]]
  digest = "1:0028cb19b2e4c3112225cd871870f2d9cf49b9b4276531f03438a88e94be86fe"
  name = "github.com/pmezard/go-difflib"
  packages = ["difflib"]
  pruneopts = "UT"
  revision = "792786c7400a136282c1664665ae0a8db921c6c2"
  version = "v1.0.0"

[[projects]]
  digest = "1:1cbc206fd725b8f5bf65739554f04bdd2feebaf573519836d7f0e16adfa4c5a9"
  name = "github.com/shirou/gopsutil"
  packages = [
    "cpu",
    "disk",
    "host",
    "internal/common",
    "mem",
    "net",
    "process",
  ]
  pruneopts = "UT"
  revision = "e49a95f3d5f824c3f9875ca49e54e4fef17f82cf"
  version = "v2.17.03"

[[projects]]
  digest = "1:e8aa0842caf43666c960073279b6928338d1e93b5f6e19937f694c0671937bd5"
  name = "github.com/shirou/w32"
  packages = ["."]
  pruneopts = "UT"
  revision = "ada3ba68f000aa1b58580e45c9d308fe0b7fc5c5"

[[projects]]
  digest = "1:c840c3b725d9a28e9f5daf4a36a5113a85a4345407c39ebdc2faadff0544fb82"
  name = "github.com/stretchr/testify"
  packages = [
    "assert",
    "require",
  ]
  pruneopts = "UT"
  revision = "976c720a22c8eb4eb6a0b4348ad85ad12491a506"

[[projects]]
  branch = "master"
  digest = "1:b71eb6ea46bd52fc536b9b88ea26aa88d23d0af779b40515433643ecd9c5940b"
  name = "github.com/tidwall/redcon"
  packages = ["."]
  pruneopts = "UT"
  revision = "56b016127ae730019c5e3073a413ad9526440c38"

[[projects]]
  digest = "1:8673d66d696fb68d800a1b031411cf2e85e2dc719dd2734d91e6f901a2a63697"
  name = "github.com/vishvananda/netlink"
  packages = [
    ".",
    "nl",
  ]
  pruneopts = "UT"
  revision = "aec6f885c2544dafc5baedfc95fdd15e75a1b1b4"

[[projects]]
  digest = "1:809d299f01e9afe1ef55df7265a4fe6c3b96107f5834ac3e7d7efe336d5f0466"
  name = "github.com/vishvananda/netns"
  packages = ["."]
  pruneopts = "UT"
  revision = "54f0e4339ce73702a0607f49922aaa1e749b418d"

[[projects]]
  branch = "master"
  digest = "1:05662433b3a13c921587a6e622b5722072edff83211efd1cd79eeaeedfd83f07"
  name = "golang.org/x/sys"
  packages = ["unix"]
  pruneopts = "UT"
  revision = "1c9583448a9c3aa0f9a6a5241bf73c0bd8aafded"

[[projects]]
  digest = "1:7cc3d7933457968b045958d40baecf7646fd79d1df860e52491656f720bfc79d"
  name = "gopkg.in/bufio.v1"
  packages = ["."]
  pruneopts = "UT"
  revision = "567b2bfa514e796916c4747494d6ff5132a1dfce"
  version = "v1"

[[projects]]
  digest = "1:342378ac4dcb378a5448dd723f0784ae519383532f5e70ade24132c4c8693202"
  name = "gopkg.in/yaml.v2"
  packages = ["."]
  pruneopts = "UT"
  revision = "5420a8b6744d3b0345ab293f6fcba19c978f1183"
  version = "v2.2.1"

[solve-meta]
  analyzer-name = "dep"
  analyzer-version = 1
  input-imports = [
    "github.com/codegangsta/cli",
    "github.com/dgrijalva/jwt-go",
    "github.com/garyburd/redigo/redis",
    "github.com/google/shlex",
    "github.com/libvirt/libvirt-go",
    "github.com/naoina/toml",
    "github.com/olekukonko/tablewriter",
    "github.com/op/go-logging",
    "github.com/patrickmn/go-cache",
    "github.com/pborman/uuid",
    "github.com/shirou/gopsutil/cpu",
    "github.com/shirou/gopsutil/disk",
    "github.com/shirou/gopsutil/host",
    "github.com/shirou/gopsutil/mem",
    "github.com/shirou/gopsutil/net",
    "github.com/shirou/gopsutil/process",
    "github.com/stretchr/testify/assert",
    "github.com/stretchr/testify/require",
    "github.com/tidwall/redcon",
    "github.com/vishvananda/netlink",
    "golang.org/x/sys/unix",
    "gopkg.in/bufio.v1",
    "gopkg.in/yaml.v2",
  ]
  solver-name = "gps-cdcl"
  solver-version = 1
